
Microsoft Visual Studio Solution File, Format Version 12.00
# Visual Studio Version 17
VisualStudioVersion = 17.0.31903.59
MinimumVisualStudioVersion = 10.0.40219.1
Project("{FAE04EC0-301F-11D3-BF4B-00C04F79EFBC}") = "Company.Api", "Company.Api\Company.Api.csproj", "{E798A928-EB16-4CD0-817B-7BC21C6C275A}"
EndProject
Project("{FAE04EC0-301F-11D3-BF4B-00C04F79EFBC}") = "Company.Application", "Company.Application\Company.Application.csproj", "{39ECFE02-C1B1-4112-9711-5C328ADC9828}"
EndProject
Project("{FAE04EC0-301F-11D3-BF4B-00C04F79EFBC}") = "Company.Domain", "Company.Domain\Company.Domain.csproj", "{1F84A568-837A-4AD4-B026-BCED855015AE}"
EndProject
Project("{FAE04EC0-301F-11D3-BF4B-00C04F79EFBC}") = "Company.Infrastructure", "Company.Infrastructure\Company.Infrastructure.csproj", "{D199008A-0D2F-4FCE-BEDE-7A8A2F389508}"
EndProject
Project("{FAE04EC0-301F-11D3-BF4B-00C04F79EFBC}") = "Company.Auth", "Company.Auth\Company.Auth.csproj", "{CA11D59C-953A-43E1-AF7A-1353D4CA2DE6}"
EndProject
Project("{FAE04EC0-301F-11D3-BF4B-00C04F79EFBC}") = "Company.Api.UnitTests", "Company.Api.UnitTests\Company.Api.UnitTests.csproj", "{901F5D31-5DD5-46F9-8CA5-6D79876DF6DB}"
EndProject
Project("{FAE04EC0-301F-11D3-BF4B-00C04F79EFBC}") = "Company.Infrastructure.UnitTests", "Company.Infrastructure.UnitTests\Company.Infrastructure.UnitTests.csproj", "{4CB32F60-8671-4656-B18D-BCF1FCC11B80}"
EndProject
Project("{FAE04EC0-301F-11D3-BF4B-00C04F79EFBC}") = "Company.Application.UnitTests", "Company.Application.UnitTests\Company.Application.UnitTests.csproj", "{3E0AE765-C1A9-46D0-8B6E-8766EF8AFBCC}"
EndProject
Project("{FAE04EC0-301F-11D3-BF4B-00C04F79EFBC}") = "Company.Api.IntegrationTests", "Company.Api.IntegrationTests\Company.Api.IntegrationTests.csproj", "{74718EA1-C92F-4D11-BBBE-5799FA410CFF}"
EndProject
Project("{2150E333-8FDC-42A3-9474-1A3956D46DE8}") = "Tests", "Tests", "{02EA681E-C7D8-13C7-8484-4AC65E1B71E8}"
EndProject
Project("{2150E333-8FDC-42A3-9474-1A3956D46DE8}") = "Integration", "Integration", "{FFF8C61E-BEED-4568-94D1-5827BD4CB179}"
EndProject
Project("{2150E333-8FDC-42A3-9474-1A3956D46DE8}") = "Unit", "Unit", "{2628AB80-2AEB-4A25-A3DB-35ABE275B461}"
EndProject
Global
	GlobalSection(SolutionConfigurationPlatforms) = preSolution
		Debug|Any CPU = Debug|Any CPU
		Debug|x64 = Debug|x64
		Debug|x86 = Debug|x86
		Release|Any CPU = Release|Any CPU
		Release|x64 = Release|x64
		Release|x86 = Release|x86
	EndGlobalSection
	GlobalSection(ProjectConfigurationPlatforms) = postSolution
		{E798A928-EB16-4CD0-817B-7BC21C6C275A}.Debug|Any CPU.ActiveCfg = Debug|Any CPU
		{E798A928-EB16-4CD0-817B-7BC21C6C275A}.Debug|Any CPU.Build.0 = Debug|Any CPU
		{E798A928-EB16-4CD0-817B-7BC21C6C275A}.Debug|x64.ActiveCfg = Debug|Any CPU
		{E798A928-EB16-4CD0-817B-7BC21C6C275A}.Debug|x64.Build.0 = Debug|Any CPU
		{E798A928-EB16-4CD0-817B-7BC21C6C275A}.Debug|x86.ActiveCfg = Debug|Any CPU
		{E798A928-EB16-4CD0-817B-7BC21C6C275A}.Debug|x86.Build.0 = Debug|Any CPU
		{E798A928-EB16-4CD0-817B-7BC21C6C275A}.Release|Any CPU.ActiveCfg = Release|Any CPU
		{E798A928-EB16-4CD0-817B-7BC21C6C275A}.Release|Any CPU.Build.0 = Release|Any CPU
		{E798A928-EB16-4CD0-817B-7BC21C6C275A}.Release|x64.ActiveCfg = Release|Any CPU
		{E798A928-EB16-4CD0-817B-7BC21C6C275A}.Release|x64.Build.0 = Release|Any CPU
		{E798A928-EB16-4CD0-817B-7BC21C6C275A}.Release|x86.ActiveCfg = Release|Any CPU
		{E798A928-EB16-4CD0-817B-7BC21C6C275A}.Release|x86.Build.0 = Release|Any CPU
		{39ECFE02-C1B1-4112-9711-5C328ADC9828}.Debug|Any CPU.ActiveCfg = Debug|Any CPU
		{39ECFE02-C1B1-4112-9711-5C328ADC9828}.Debug|Any CPU.Build.0 = Debug|Any CPU
		{39ECFE02-C1B1-4112-9711-5C328ADC9828}.Debug|x64.ActiveCfg = Debug|Any CPU
		{39ECFE02-C1B1-4112-9711-5C328ADC9828}.Debug|x64.Build.0 = Debug|Any CPU
		{39ECFE02-C1B1-4112-9711-5C328ADC9828}.Debug|x86.ActiveCfg = Debug|Any CPU
		{39ECFE02-C1B1-4112-9711-5C328ADC9828}.Debug|x86.Build.0 = Debug|Any CPU
		{39ECFE02-C1B1-4112-9711-5C328ADC9828}.Release|Any CPU.ActiveCfg = Release|Any CPU
		{39ECFE02-C1B1-4112-9711-5C328ADC9828}.Release|Any CPU.Build.0 = Release|Any CPU
		{39ECFE02-C1B1-4112-9711-5C328ADC9828}.Release|x64.ActiveCfg = Release|Any CPU
		{39ECFE02-C1B1-4112-9711-5C328ADC9828}.Release|x64.Build.0 = Release|Any CPU
		{39ECFE02-C1B1-4112-9711-5C328ADC9828}.Release|x86.ActiveCfg = Release|Any CPU
		{39ECFE02-C1B1-4112-9711-5C328ADC9828}.Release|x86.Build.0 = Release|Any CPU
		{1F84A568-837A-4AD4-B026-BCED855015AE}.Debug|Any CPU.ActiveCfg = Debug|Any CPU
		{1F84A568-837A-4AD4-B026-BCED855015AE}.Debug|Any CPU.Build.0 = Debug|Any CPU
		{1F84A568-837A-4AD4-B026-BCED855015AE}.Debug|x64.ActiveCfg = Debug|Any CPU
		{1F84A568-837A-4AD4-B026-BCED855015AE}.Debug|x64.Build.0 = Debug|Any CPU
		{1F84A568-837A-4AD4-B026-BCED855015AE}.Debug|x86.ActiveCfg = Debug|Any CPU
		{1F84A568-837A-4AD4-B026-BCED855015AE}.Debug|x86.Build.0 = Debug|Any CPU
		{1F84A568-837A-4AD4-B026-BCED855015AE}.Release|Any CPU.ActiveCfg = Release|Any CPU
		{1F84A568-837A-4AD4-B026-BCED855015AE}.Release|Any CPU.Build.0 = Release|Any CPU
		{1F84A568-837A-4AD4-B026-BCED855015AE}.Release|x64.ActiveCfg = Release|Any CPU
		{1F84A568-837A-4AD4-B026-BCED855015AE}.Release|x64.Build.0 = Release|Any CPU
		{1F84A568-837A-4AD4-B026-BCED855015AE}.Release|x86.ActiveCfg = Release|Any CPU
		{1F84A568-837A-4AD4-B026-BCED855015AE}.Release|x86.Build.0 = Release|Any CPU
		{D199008A-0D2F-4FCE-BEDE-7A8A2F389508}.Debug|Any CPU.ActiveCfg = Debug|Any CPU
		{D199008A-0D2F-4FCE-BEDE-7A8A2F389508}.Debug|Any CPU.Build.0 = Debug|Any CPU
		{D199008A-0D2F-4FCE-BEDE-7A8A2F389508}.Debug|x64.ActiveCfg = Debug|Any CPU
		{D199008A-0D2F-4FCE-BEDE-7A8A2F389508}.Debug|x64.Build.0 = Debug|Any CPU
		{D199008A-0D2F-4FCE-BEDE-7A8A2F389508}.Debug|x86.ActiveCfg = Debug|Any CPU
		{D199008A-0D2F-4FCE-BEDE-7A8A2F389508}.Debug|x86.Build.0 = Debug|Any CPU
		{D199008A-0D2F-4FCE-BEDE-7A8A2F389508}.Release|Any CPU.ActiveCfg = Release|Any CPU
		{D199008A-0D2F-4FCE-BEDE-7A8A2F389508}.Release|Any CPU.Build.0 = Release|Any CPU
		{D199008A-0D2F-4FCE-BEDE-7A8A2F389508}.Release|x64.ActiveCfg = Release|Any CPU
		{D199008A-0D2F-4FCE-BEDE-7A8A2F389508}.Release|x64.Build.0 = Release|Any CPU
		{D199008A-0D2F-4FCE-BEDE-7A8A2F389508}.Release|x86.ActiveCfg = Release|Any CPU
		{D199008A-0D2F-4FCE-BEDE-7A8A2F389508}.Release|x86.Build.0 = Release|Any CPU
		{CA11D59C-953A-43E1-AF7A-1353D4CA2DE6}.Debug|Any CPU.ActiveCfg = Debug|Any CPU
		{CA11D59C-953A-43E1-AF7A-1353D4CA2DE6}.Debug|Any CPU.Build.0 = Debug|Any CPU
		{CA11D59C-953A-43E1-AF7A-1353D4CA2DE6}.Debug|x64.ActiveCfg = Debug|Any CPU
		{CA11D59C-953A-43E1-AF7A-1353D4CA2DE6}.Debug|x64.Build.0 = Debug|Any CPU
		{CA11D59C-953A-43E1-AF7A-1353D4CA2DE6}.Debug|x86.ActiveCfg = Debug|Any CPU
		{CA11D59C-953A-43E1-AF7A-1353D4CA2DE6}.Debug|x86.Build.0 = Debug|Any CPU
		{CA11D59C-953A-43E1-AF7A-1353D4CA2DE6}.Release|Any CPU.ActiveCfg = Release|Any CPU
		{CA11D59C-953A-43E1-AF7A-1353D4CA2DE6}.Release|Any CPU.Build.0 = Release|Any CPU
		{CA11D59C-953A-43E1-AF7A-1353D4CA2DE6}.Release|x64.ActiveCfg = Release|Any CPU
		{CA11D59C-953A-43E1-AF7A-1353D4CA2DE6}.Release|x64.Build.0 = Release|Any CPU
		{CA11D59C-953A-43E1-AF7A-1353D4CA2DE6}.Release|x86.ActiveCfg = Release|Any CPU
		{CA11D59C-953A-43E1-AF7A-1353D4CA2DE6}.Release|x86.Build.0 = Release|Any CPU
		{901F5D31-5DD5-46F9-8CA5-6D79876DF6DB}.Debug|Any CPU.ActiveCfg = Debug|Any CPU
		{901F5D31-5DD5-46F9-8CA5-6D79876DF6DB}.Debug|Any CPU.Build.0 = Debug|Any CPU
		{901F5D31-5DD5-46F9-8CA5-6D79876DF6DB}.Debug|x64.ActiveCfg = Debug|Any CPU
		{901F5D31-5DD5-46F9-8CA5-6D79876DF6DB}.Debug|x64.Build.0 = Debug|Any CPU
		{901F5D31-5DD5-46F9-8CA5-6D79876DF6DB}.Debug|x86.ActiveCfg = Debug|Any CPU
		{901F5D31-5DD5-46F9-8CA5-6D79876DF6DB}.Debug|x86.Build.0 = Debug|Any CPU
		{901F5D31-5DD5-46F9-8CA5-6D79876DF6DB}.Release|Any CPU.ActiveCfg = Release|Any CPU
		{901F5D31-5DD5-46F9-8CA5-6D79876DF6DB}.Release|Any CPU.Build.0 = Release|Any CPU
		{901F5D31-5DD5-46F9-8CA5-6D79876DF6DB}.Release|x64.ActiveCfg = Release|Any CPU
		{901F5D31-5DD5-46F9-8CA5-6D79876DF6DB}.Release|x64.Build.0 = Release|Any CPU
		{901F5D31-5DD5-46F9-8CA5-6D79876DF6DB}.Release|x86.ActiveCfg = Release|Any CPU
		{901F5D31-5DD5-46F9-8CA5-6D79876DF6DB}.Release|x86.Build.0 = Release|Any CPU
		{4CB32F60-8671-4656-B18D-BCF1FCC11B80}.Debug|Any CPU.ActiveCfg = Debug|Any CPU
		{4CB32F60-8671-4656-B18D-BCF1FCC11B80}.Debug|Any CPU.Build.0 = Debug|Any CPU
		{4CB32F60-8671-4656-B18D-BCF1FCC11B80}.Debug|x64.ActiveCfg = Debug|Any CPU
		{4CB32F60-8671-4656-B18D-BCF1FCC11B80}.Debug|x64.Build.0 = Debug|Any CPU
		{4CB32F60-8671-4656-B18D-BCF1FCC11B80}.Debug|x86.ActiveCfg = Debug|Any CPU
		{4CB32F60-8671-4656-B18D-BCF1FCC11B80}.Debug|x86.Build.0 = Debug|Any CPU
		{4CB32F60-8671-4656-B18D-BCF1FCC11B80}.Release|Any CPU.ActiveCfg = Release|Any CPU
		{4CB32F60-8671-4656-B18D-BCF1FCC11B80}.Release|Any CPU.Build.0 = Release|Any CPU
		{4CB32F60-8671-4656-B18D-BCF1FCC11B80}.Release|x64.ActiveCfg = Release|Any CPU
		{4CB32F60-8671-4656-B18D-BCF1FCC11B80}.Release|x64.Build.0 = Release|Any CPU
		{4CB32F60-8671-4656-B18D-BCF1FCC11B80}.Release|x86.ActiveCfg = Release|Any CPU
		{4CB32F60-8671-4656-B18D-BCF1FCC11B80}.Release|x86.Build.0 = Release|Any CPU
		{3E0AE765-C1A9-46D0-8B6E-8766EF8AFBCC}.Debug|Any CPU.ActiveCfg = Debug|Any CPU
		{3E0AE765-C1A9-46D0-8B6E-8766EF8AFBCC}.Debug|Any CPU.Build.0 = Debug|Any CPU
		{3E0AE765-C1A9-46D0-8B6E-8766EF8AFBCC}.Debug|x64.ActiveCfg = Debug|Any CPU
		{3E0AE765-C1A9-46D0-8B6E-8766EF8AFBCC}.Debug|x64.Build.0 = Debug|Any CPU
		{3E0AE765-C1A9-46D0-8B6E-8766EF8AFBCC}.Debug|x86.ActiveCfg = Debug|Any CPU
		{3E0AE765-C1A9-46D0-8B6E-8766EF8AFBCC}.Debug|x86.Build.0 = Debug|Any CPU
		{3E0AE765-C1A9-46D0-8B6E-8766EF8AFBCC}.Release|Any CPU.ActiveCfg = Release|Any CPU
		{3E0AE765-C1A9-46D0-8B6E-8766EF8AFBCC}.Release|Any CPU.Build.0 = Release|Any CPU
		{3E0AE765-C1A9-46D0-8B6E-8766EF8AFBCC}.Release|x64.ActiveCfg = Release|Any CPU
		{3E0AE765-C1A9-46D0-8B6E-8766EF8AFBCC}.Release|x64.Build.0 = Release|Any CPU
		{3E0AE765-C1A9-46D0-8B6E-8766EF8AFBCC}.Release|x86.ActiveCfg = Release|Any CPU
		{3E0AE765-C1A9-46D0-8B6E-8766EF8AFBCC}.Release|x86.Build.0 = Release|Any CPU
		{74718EA1-C92F-4D11-BBBE-5799FA410CFF}.Debug|Any CPU.ActiveCfg = Debug|Any CPU
		{74718EA1-C92F-4D11-BBBE-5799FA410CFF}.Debug|Any CPU.Build.0 = Debug|Any CPU
		{74718EA1-C92F-4D11-BBBE-5799FA410CFF}.Debug|x64.ActiveCfg = Debug|Any CPU
		{74718EA1-C92F-4D11-BBBE-5799FA410CFF}.Debug|x64.Build.0 = Debug|Any CPU
		{74718EA1-C92F-4D11-BBBE-5799FA410CFF}.Debug|x86.ActiveCfg = Debug|Any CPU
		{74718EA1-C92F-4D11-BBBE-5799FA410CFF}.Debug|x86.Build.0 = Debug|Any CPU
		{74718EA1-C92F-4D11-BBBE-5799FA410CFF}.Release|Any CPU.ActiveCfg = Release|Any CPU
		{74718EA1-C92F-4D11-BBBE-5799FA410CFF}.Release|Any CPU.Build.0 = Release|Any CPU
		{74718EA1-C92F-4D11-BBBE-5799FA410CFF}.Release|x64.ActiveCfg = Release|Any CPU
		{74718EA1-C92F-4D11-BBBE-5799FA410CFF}.Release|x64.Build.0 = Release|Any CPU
		{74718EA1-C92F-4D11-BBBE-5799FA410CFF}.Release|x86.ActiveCfg = Release|Any CPU
		{74718EA1-C92F-4D11-BBBE-5799FA410CFF}.Release|x86.Build.0 = Release|Any CPU
	EndGlobalSection
	GlobalSection(SolutionProperties) = preSolution
		HideSolutionNode = FALSE
	EndGlobalSection
	GlobalSection(NestedProjects) = preSolution
		{901F5D31-5DD5-46F9-8CA5-6D79876DF6DB} = {2628AB80-2AEB-4A25-A3DB-35ABE275B461}
		{4CB32F60-8671-4656-B18D-BCF1FCC11B80} = {2628AB80-2AEB-4A25-A3DB-35ABE275B461}
		{3E0AE765-C1A9-46D0-8B6E-8766EF8AFBCC} = {2628AB80-2AEB-4A25-A3DB-35ABE275B461}
		{74718EA1-C92F-4D11-BBBE-5799FA410CFF} = {FFF8C61E-BEED-4568-94D1-5827BD4CB179}
		{FFF8C61E-BEED-4568-94D1-5827BD4CB179} = {02EA681E-C7D8-13C7-8484-4AC65E1B71E8}
		{2628AB80-2AEB-4A25-A3DB-35ABE275B461} = {02EA681E-C7D8-13C7-8484-4AC65E1B71E8}
	EndGlobalSection
	GlobalSection(ExtensibilityGlobals) = postSolution
		SolutionGuid = {C86D05A9-E90B-4B74-805F-AF4154DB622B}
	EndGlobalSection
EndGlobal
